
Microsoft Visual Studio Solution File, Format Version 12.00
# Visual Studio Version 17
VisualStudioVersion = 17.14.36212.18 d17.14
MinimumVisualStudioVersion = 10.0.40219.1
Project("{FAE04EC0-301F-11D3-BF4B-00C04F79EFBC}") = "UserAuthenticationSystem", "UserAuthenticationSystem\UserAuthenticationSystem.csproj", "{B04742CB-AC74-494D-8E92-BB69C756C039}"
EndProject
Project("{FAE04EC0-301F-11D3-BF4B-00C04F79EFBC}") = "UAS.Models", "UAS.Models\UAS.Models.csproj", "{0DD97C5B-7583-44BC-AE46-41AE3433B0F6}"
EndProject
Project("{FAE04EC0-301F-11D3-BF4B-00C04F79EFBC}") = "UAS.Validators", "UAS.Validators\UAS.Validators.csproj", "{DE4A45AD-BB51-4B75-82D5-8215CFC20A8D}"
EndProject
Project("{FAE04EC0-301F-11D3-BF4B-00C04F79EFBC}") = "UAS.Data", "UAS.Data\UAS.Data.csproj", "{299091A3-6E9D-41B1-AB21-FBA5F65B653E}"
EndProject
Project("{FAE04EC0-301F-11D3-BF4B-00C04F79EFBC}") = "UAS.Controllers", "UAS.Controllers\UAS.Controllers.csproj", "{6864F80F-9F18-47EB-A567-82F8686825B6}"
EndProject
Global
	GlobalSection(SolutionConfigurationPlatforms) = preSolution
		Debug|Any CPU = Debug|Any CPU
		Release|Any CPU = Release|Any CPU
	EndGlobalSection
	GlobalSection(ProjectConfigurationPlatforms) = postSolution
		{B04742CB-AC74-494D-8E92-BB69C756C039}.Debug|Any CPU.ActiveCfg = Debug|Any CPU
		{B04742CB-AC74-494D-8E92-BB69C756C039}.Debug|Any CPU.Build.0 = Debug|Any CPU
		{B04742CB-AC74-494D-8E92-BB69C756C039}.Release|Any CPU.ActiveCfg = Release|Any CPU
		{B04742CB-AC74-494D-8E92-BB69C756C039}.Release|Any CPU.Build.0 = Release|Any CPU
		{0DD97C5B-7583-44BC-AE46-41AE3433B0F6}.Debug|Any CPU.ActiveCfg = Debug|Any CPU
		{0DD97C5B-7583-44BC-AE46-41AE3433B0F6}.Debug|Any CPU.Build.0 = Debug|Any CPU
		{0DD97C5B-7583-44BC-AE46-41AE3433B0F6}.Release|Any CPU.ActiveCfg = Release|Any CPU
		{0DD97C5B-7583-44BC-AE46-41AE3433B0F6}.Release|Any CPU.Build.0 = Release|Any CPU
		{DE4A45AD-BB51-4B75-82D5-8215CFC20A8D}.Debug|Any CPU.ActiveCfg = Debug|Any CPU
		{DE4A45AD-BB51-4B75-82D5-8215CFC20A8D}.Debug|Any CPU.Build.0 = Debug|Any CPU
		{DE4A45AD-BB51-4B75-82D5-8215CFC20A8D}.Release|Any CPU.ActiveCfg = Release|Any CPU
		{DE4A45AD-BB51-4B75-82D5-8215CFC20A8D}.Release|Any CPU.Build.0 = Release|Any CPU
		{299091A3-6E9D-41B1-AB21-FBA5F65B653E}.Debug|Any CPU.ActiveCfg = Debug|Any CPU
		{299091A3-6E9D-41B1-AB21-FBA5F65B653E}.Debug|Any CPU.Build.0 = Debug|Any CPU
		{299091A3-6E9D-41B1-AB21-FBA5F65B653E}.Release|Any CPU.ActiveCfg = Release|Any CPU
		{299091A3-6E9D-41B1-AB21-FBA5F65B653E}.Release|Any CPU.Build.0 = Release|Any CPU
		{6864F80F-9F18-47EB-A567-82F8686825B6}.Debug|Any CPU.ActiveCfg = Debug|Any CPU
		{6864F80F-9F18-47EB-A567-82F8686825B6}.Debug|Any CPU.Build.0 = Debug|Any CPU
		{6864F80F-9F18-47EB-A567-82F8686825B6}.Release|Any CPU.ActiveCfg = Release|Any CPU
		{6864F80F-9F18-47EB-A567-82F8686825B6}.Release|Any CPU.Build.0 = Release|Any CPU
	EndGlobalSection
	GlobalSection(SolutionProperties) = preSolution
		HideSolutionNode = FALSE
	EndGlobalSection
	GlobalSection(ExtensibilityGlobals) = postSolution
		SolutionGuid = {5B8628BF-4CF0-478C-B0DA-F359994D7B2C}
	EndGlobalSection
EndGlobal
